
Microsoft Visual Studio Solution File, Format Version 10.00
# Visual Studio 2008
Project("{FAE04EC0-301F-11D3-BF4B-00C04F79EFBC}") = "ALEXXPCLPTools", "ALEXXPCLPTools\ALEXXPCLPTools.csproj", "{AB17899B-D57F-4915-BBB6-3904296CE925}"
EndProject
Project("{FAE04EC0-301F-11D3-BF4B-00C04F79EFBC}") = "ALEXXPStringTableHelper", "ALEXXPStringTableHelper\ALEXXPStringTableHelper.csproj", "{C1A7EA06-0797-49F7-80CC-6ED37962650A}"
EndProject
Global
	GlobalSection(TeamFoundationVersionControl) = preSolution
		SccNumberOfProjects = 3
		SccEnterpriseProvider = {4CA58AB2-18FA-4F8D-95D4-32DDF27D184C}
		SccTeamFoundationServer = https://tfs06.codeplex.com/
		SccLocalPath0 = .
		SccProjectUniqueName1 = ALEXXPCLPTools\\ALEXXPCLPTools.csproj
		SccProjectName1 = ALEXXPCLPTools
		SccLocalPath1 = ALEXXPCLPTools
		SccProjectUniqueName2 = ALEXXPStringTableHelper\\ALEXXPStringTableHelper.csproj
		SccProjectName2 = ALEXXPStringTableHelper
		SccLocalPath2 = ALEXXPStringTableHelper
	EndGlobalSection
	GlobalSection(SolutionConfigurationPlatforms) = preSolution
		Debug|Any CPU = Debug|Any CPU
		Release|Any CPU = Release|Any CPU
	EndGlobalSection
	GlobalSection(ProjectConfigurationPlatforms) = postSolution
		{AB17899B-D57F-4915-BBB6-3904296CE925}.Debug|Any CPU.ActiveCfg = Debug|Any CPU
		{AB17899B-D57F-4915-BBB6-3904296CE925}.Debug|Any CPU.Build.0 = Debug|Any CPU
		{AB17899B-D57F-4915-BBB6-3904296CE925}.Release|Any CPU.ActiveCfg = Release|Any CPU
		{AB17899B-D57F-4915-BBB6-3904296CE925}.Release|Any CPU.Build.0 = Release|Any CPU
		{C1A7EA06-0797-49F7-80CC-6ED37962650A}.Debug|Any CPU.ActiveCfg = Debug|Any CPU
		{C1A7EA06-0797-49F7-80CC-6ED37962650A}.Debug|Any CPU.Build.0 = Debug|Any CPU
		{C1A7EA06-0797-49F7-80CC-6ED37962650A}.Release|Any CPU.ActiveCfg = Release|Any CPU
		{C1A7EA06-0797-49F7-80CC-6ED37962650A}.Release|Any CPU.Build.0 = Release|Any CPU
	EndGlobalSection
	GlobalSection(SolutionProperties) = preSolution
		HideSolutionNode = FALSE
	EndGlobalSection
EndGlobal
